
Microsoft Visual Studio Solution File, Format Version 12.00
# Visual Studio Version 16
VisualStudioVersion = 16.0.30406.169
MinimumVisualStudioVersion = 10.0.40219.1
Project("{FAE04EC0-301F-11D3-BF4B-00C04F79EFBC}") = "dataobjectexception.dynamics365.plugin", "dataobjectexception.dynamics365.plugin\dataobjectexception.dynamics365.plugin.csproj", "{28F8342D-77A4-4465-A932-019B5D7AEFFE}"
EndProject
Global
	GlobalSection(SolutionConfigurationPlatforms) = preSolution
		Debug|Any CPU = Debug|Any CPU
		Release|Any CPU = Release|Any CPU
	EndGlobalSection
	GlobalSection(ProjectConfigurationPlatforms) = postSolution
		{28F8342D-77A4-4465-A932-019B5D7AEFFE}.Debug|Any CPU.ActiveCfg = Debug|Any CPU
		{28F8342D-77A4-4465-A932-019B5D7AEFFE}.Debug|Any CPU.Build.0 = Debug|Any CPU
		{28F8342D-77A4-4465-A932-019B5D7AEFFE}.Release|Any CPU.ActiveCfg = Release|Any CPU
		{28F8342D-77A4-4465-A932-019B5D7AEFFE}.Release|Any CPU.Build.0 = Release|Any CPU
	EndGlobalSection
	GlobalSection(SolutionProperties) = preSolution
		HideSolutionNode = FALSE
	EndGlobalSection
	GlobalSection(ExtensibilityGlobals) = postSolution
		SolutionGuid = {0CCF2909-2562-4AB0-BB80-182F02F84A1C}
	EndGlobalSection
EndGlobal
